
Microsoft Visual Studio Solution File, Format Version 12.00
# Visual Studio Version 16
VisualStudioVersion = 16.0.30104.148
MinimumVisualStudioVersion = 10.0.40219.1
Project("{9A19103F-16F7-4668-BE54-9A1E7A4F7556}") = "FileSync.Library", "FileSync.Library\FileSync.Library.csproj", "{6F762E94-1B1E-48B8-8B94-27B3DD97D709}"
EndProject
Project("{FAE04EC0-301F-11D3-BF4B-00C04F79EFBC}") = "FileSync.Terminal", "FileSync.Terminal\FileSync.Terminal.csproj", "{A994E5F7-8860-4EEE-A2D2-4B9BADED1CB1}"
EndProject
Global
	GlobalSection(SolutionConfigurationPlatforms) = preSolution
		Debug|Any CPU = Debug|Any CPU
		Release|Any CPU = Release|Any CPU
	EndGlobalSection
	GlobalSection(ProjectConfigurationPlatforms) = postSolution
		{6F762E94-1B1E-48B8-8B94-27B3DD97D709}.Debug|Any CPU.ActiveCfg = Debug|Any CPU
		{6F762E94-1B1E-48B8-8B94-27B3DD97D709}.Debug|Any CPU.Build.0 = Debug|Any CPU
		{6F762E94-1B1E-48B8-8B94-27B3DD97D709}.Release|Any CPU.ActiveCfg = Release|Any CPU
		{6F762E94-1B1E-48B8-8B94-27B3DD97D709}.Release|Any CPU.Build.0 = Release|Any CPU
		{A994E5F7-8860-4EEE-A2D2-4B9BADED1CB1}.Debug|Any CPU.ActiveCfg = Debug|Any CPU
		{A994E5F7-8860-4EEE-A2D2-4B9BADED1CB1}.Debug|Any CPU.Build.0 = Debug|Any CPU
		{A994E5F7-8860-4EEE-A2D2-4B9BADED1CB1}.Release|Any CPU.ActiveCfg = Release|Any CPU
		{A994E5F7-8860-4EEE-A2D2-4B9BADED1CB1}.Release|Any CPU.Build.0 = Release|Any CPU
	EndGlobalSection
	GlobalSection(SolutionProperties) = preSolution
		HideSolutionNode = FALSE
	EndGlobalSection
	GlobalSection(ExtensibilityGlobals) = postSolution
		SolutionGuid = {A690BD8E-1B5C-4024-BB67-8695D0812DA0}
	EndGlobalSection
EndGlobal
